// !$*UTF8*$!
{
	archiveVersion = 1;
	classes = {
	};
	objectVersion = 54;
	objects = {

/* Begin PBXBuildFile section */
		2EF6DC19EB9A086AE5D75F0D /* Pods_habit.framework in Frameworks */ = {isa = PBXBuildFile; fileRef = 7427A406C09971717B6C2CBB /* Pods_habit.framework */; };
		60394B56296CFEEC007DAAA4 /* CircularProgressView.swift in Sources */ = {isa = PBXBuildFile; fileRef = 60394B55296CFEEC007DAAA4 /* CircularProgressView.swift */; };
		60394B64296E3633007DAAA4 /* Habit+CoreDataClass.swift in Sources */ = {isa = PBXBuildFile; fileRef = 60394B61296E3633007DAAA4 /* Habit+CoreDataClass.swift */; };
		60394B66296E3633007DAAA4 /* Habit+CoreDataProperties.swift in Sources */ = {isa = PBXBuildFile; fileRef = 60394B5F296E3633007DAAA4 /* Habit+CoreDataProperties.swift */; };
		60394B68296E4C5B007DAAA4 /* AcheiveDetailController.swift in Sources */ = {isa = PBXBuildFile; fileRef = 60394B67296E4C5B007DAAA4 /* AcheiveDetailController.swift */; };
		60394B6C296E5390007DAAA4 /* Acheive+CoreDataProperties.swift in Sources */ = {isa = PBXBuildFile; fileRef = 60394B6B296E5390007DAAA4 /* Acheive+CoreDataProperties.swift */; };
		605516D1296B9E5200A2B87E /* ColorCell.swift in Sources */ = {isa = PBXBuildFile; fileRef = 605516D0296B9E5200A2B87E /* ColorCell.swift */; };
		605516D3296BA51500A2B87E /* UIColor+Extension.swift in Sources */ = {isa = PBXBuildFile; fileRef = 605516D2296BA51500A2B87E /* UIColor+Extension.swift */; };
		6055BD37295D327000EC4791 /* AppDelegate.swift in Sources */ = {isa = PBXBuildFile; fileRef = 6055BD36295D327000EC4791 /* AppDelegate.swift */; };
		6055BD39295D327000EC4791 /* SceneDelegate.swift in Sources */ = {isa = PBXBuildFile; fileRef = 6055BD38295D327000EC4791 /* SceneDelegate.swift */; };
		6055BD3B295D327000EC4791 /* ViewController.swift in Sources */ = {isa = PBXBuildFile; fileRef = 6055BD3A295D327000EC4791 /* ViewController.swift */; };
		6055BD3E295D327000EC4791 /* Main.storyboard in Resources */ = {isa = PBXBuildFile; fileRef = 6055BD3C295D327000EC4791 /* Main.storyboard */; };
		6055BD41295D327000EC4791 /* habit.xcdatamodeld in Sources */ = {isa = PBXBuildFile; fileRef = 6055BD3F295D327000EC4791 /* habit.xcdatamodeld */; };
		6055BD43295D327200EC4791 /* Assets.xcassets in Resources */ = {isa = PBXBuildFile; fileRef = 6055BD42295D327200EC4791 /* Assets.xcassets */; };
		6055BD46295D327200EC4791 /* LaunchScreen.storyboard in Resources */ = {isa = PBXBuildFile; fileRef = 6055BD44295D327200EC4791 /* LaunchScreen.storyboard */; };
		6055BD59295D4BD900EC4791 /* CoreDataManager.swift in Sources */ = {isa = PBXBuildFile; fileRef = 6055BD58295D4BD900EC4791 /* CoreDataManager.swift */; };
		6055BD61295D6F4700EC4791 /* RegisterViewController.swift in Sources */ = {isa = PBXBuildFile; fileRef = 6055BD60295D6F4700EC4791 /* RegisterViewController.swift */; };
		6055BD63295D787800EC4791 /* DetailViewController.swift in Sources */ = {isa = PBXBuildFile; fileRef = 6055BD62295D787800EC4791 /* DetailViewController.swift */; };
		6098CC5E2963F09B0077D828 /* MyColor.swift in Sources */ = {isa = PBXBuildFile; fileRef = 6098CC5D2963F09B0077D828 /* MyColor.swift */; };
		609CD2E7296683D200953336 /* ContributionHelper.swift in Sources */ = {isa = PBXBuildFile; fileRef = 609CD2E6296683D100953336 /* ContributionHelper.swift */; };
		609CD2EC2967AFA300953336 /* HabitCell.swift in Sources */ = {isa = PBXBuildFile; fileRef = 609CD2EB2967AFA300953336 /* HabitCell.swift */; };
		609CD2EE2967B74100953336 /* SKStoreReviewController+Extension.swift in Sources */ = {isa = PBXBuildFile; fileRef = 609CD2ED2967B74100953336 /* SKStoreReviewController+Extension.swift */; };
		60AF535C296BED75005B8F1B /* UITextField+Extension.swift in Sources */ = {isa = PBXBuildFile; fileRef = 60AF535B296BED74005B8F1B /* UITextField+Extension.swift */; };
		60AF535E296BFD7C005B8F1B /* Constant.swift in Sources */ = {isa = PBXBuildFile; fileRef = 60AF535D296BFD7C005B8F1B /* Constant.swift */; };
/* End PBXBuildFile section */

/* Begin PBXFileReference section */
		60394B55296CFEEC007DAAA4 /* CircularProgressView.swift */ = {isa = PBXFileReference; lastKnownFileType = sourcecode.swift; path = CircularProgressView.swift; sourceTree = "<group>"; };
		60394B5F296E3633007DAAA4 /* Habit+CoreDataProperties.swift */ = {isa = PBXFileReference; lastKnownFileType = sourcecode.swift; name = "Habit+CoreDataProperties.swift"; path = "../Habit+CoreDataProperties.swift"; sourceTree = "<group>"; };
		60394B61296E3633007DAAA4 /* Habit+CoreDataClass.swift */ = {isa = PBXFileReference; lastKnownFileType = sourcecode.swift; name = "Habit+CoreDataClass.swift"; path = "../Habit+CoreDataClass.swift"; sourceTree = "<group>"; };
		60394B67296E4C5B007DAAA4 /* AcheiveDetailController.swift */ = {isa = PBXFileReference; lastKnownFileType = sourcecode.swift; path = AcheiveDetailController.swift; sourceTree = "<group>"; };
		60394B6B296E5390007DAAA4 /* Acheive+CoreDataProperties.swift */ = {isa = PBXFileReference; lastKnownFileType = sourcecode.swift; name = "Acheive+CoreDataProperties.swift"; path = "../Acheive+CoreDataProperties.swift"; sourceTree = "<group>"; };
		605516D0296B9E5200A2B87E /* ColorCell.swift */ = {isa = PBXFileReference; lastKnownFileType = sourcecode.swift; path = ColorCell.swift; sourceTree = "<group>"; };
		605516D2296BA51500A2B87E /* UIColor+Extension.swift */ = {isa = PBXFileReference; lastKnownFileType = sourcecode.swift; path = "UIColor+Extension.swift"; sourceTree = "<group>"; };
		6055BD33295D327000EC4791 /* habit.app */ = {isa = PBXFileReference; explicitFileType = wrapper.application; includeInIndex = 0; path = habit.app; sourceTree = BUILT_PRODUCTS_DIR; };
		6055BD36295D327000EC4791 /* AppDelegate.swift */ = {isa = PBXFileReference; lastKnownFileType = sourcecode.swift; path = AppDelegate.swift; sourceTree = "<group>"; };
		6055BD38295D327000EC4791 /* SceneDelegate.swift */ = {isa = PBXFileReference; lastKnownFileType = sourcecode.swift; path = SceneDelegate.swift; sourceTree = "<group>"; };
		6055BD3A295D327000EC4791 /* ViewController.swift */ = {isa = PBXFileReference; lastKnownFileType = sourcecode.swift; path = ViewController.swift; sourceTree = "<group>"; };
		6055BD3D295D327000EC4791 /* Base */ = {isa = PBXFileReference; lastKnownFileType = file.storyboard; name = Base; path = Base.lproj/Main.storyboard; sourceTree = "<group>"; };
		6055BD40295D327000EC4791 /* habit.xcdatamodel */ = {isa = PBXFileReference; lastKnownFileType = wrapper.xcdatamodel; path = habit.xcdatamodel; sourceTree = "<group>"; };
		6055BD42295D327200EC4791 /* Assets.xcassets */ = {isa = PBXFileReference; lastKnownFileType = folder.assetcatalog; path = Assets.xcassets; sourceTree = "<group>"; };
		6055BD45295D327200EC4791 /* Base */ = {isa = PBXFileReference; lastKnownFileType = file.storyboard; name = Base; path = Base.lproj/LaunchScreen.storyboard; sourceTree = "<group>"; };
		6055BD47295D327200EC4791 /* Info.plist */ = {isa = PBXFileReference; lastKnownFileType = text.plist.xml; path = Info.plist; sourceTree = "<group>"; };
		6055BD58295D4BD900EC4791 /* CoreDataManager.swift */ = {isa = PBXFileReference; lastKnownFileType = sourcecode.swift; path = CoreDataManager.swift; sourceTree = "<group>"; };
		6055BD60295D6F4700EC4791 /* RegisterViewController.swift */ = {isa = PBXFileReference; lastKnownFileType = sourcecode.swift; path = RegisterViewController.swift; sourceTree = "<group>"; };
		6055BD62295D787800EC4791 /* DetailViewController.swift */ = {isa = PBXFileReference; lastKnownFileType = sourcecode.swift; path = DetailViewController.swift; sourceTree = "<group>"; };
		6098CC5D2963F09B0077D828 /* MyColor.swift */ = {isa = PBXFileReference; lastKnownFileType = sourcecode.swift; path = MyColor.swift; sourceTree = "<group>"; };
		609CD2E6296683D100953336 /* ContributionHelper.swift */ = {isa = PBXFileReference; lastKnownFileType = sourcecode.swift; path = ContributionHelper.swift; sourceTree = "<group>"; };
		609CD2EB2967AFA300953336 /* HabitCell.swift */ = {isa = PBXFileReference; lastKnownFileType = sourcecode.swift; path = HabitCell.swift; sourceTree = "<group>"; };
		609CD2ED2967B74100953336 /* SKStoreReviewController+Extension.swift */ = {isa = PBXFileReference; lastKnownFileType = sourcecode.swift; path = "SKStoreReviewController+Extension.swift"; sourceTree = "<group>"; };
		60AF535B296BED74005B8F1B /* UITextField+Extension.swift */ = {isa = PBXFileReference; lastKnownFileType = sourcecode.swift; path = "UITextField+Extension.swift"; sourceTree = "<group>"; };
		60AF535D296BFD7C005B8F1B /* Constant.swift */ = {isa = PBXFileReference; lastKnownFileType = sourcecode.swift; path = Constant.swift; sourceTree = "<group>"; };
		7427A406C09971717B6C2CBB /* Pods_habit.framework */ = {isa = PBXFileReference; explicitFileType = wrapper.framework; includeInIndex = 0; path = Pods_habit.framework; sourceTree = BUILT_PRODUCTS_DIR; };
		819DB8B2D76280EA3CC33834 /* Pods-habit.debug.xcconfig */ = {isa = PBXFileReference; includeInIndex = 1; lastKnownFileType = text.xcconfig; name = "Pods-habit.debug.xcconfig"; path = "Target Support Files/Pods-habit/Pods-habit.debug.xcconfig"; sourceTree = "<group>"; };
		FD30C141D55A57CF639FF7D6 /* Pods-habit.release.xcconfig */ = {isa = PBXFileReference; includeInIndex = 1; lastKnownFileType = text.xcconfig; name = "Pods-habit.release.xcconfig"; path = "Target Support Files/Pods-habit/Pods-habit.release.xcconfig"; sourceTree = "<group>"; };
/* End PBXFileReference section */

/* Begin PBXFrameworksBuildPhase section */
		6055BD30295D327000EC4791 /* Frameworks */ = {
			isa = PBXFrameworksBuildPhase;
			buildActionMask = 2147483647;
			files = (
				2EF6DC19EB9A086AE5D75F0D /* Pods_habit.framework in Frameworks */,
			);
			runOnlyForDeploymentPostprocessing = 0;
		};
/* End PBXFrameworksBuildPhase section */

/* Begin PBXGroup section */
		060C3D4DFBCF9118235F371F /* Pods */ = {
			isa = PBXGroup;
			children = (
				819DB8B2D76280EA3CC33834 /* Pods-habit.debug.xcconfig */,
				FD30C141D55A57CF639FF7D6 /* Pods-habit.release.xcconfig */,
			);
			path = Pods;
			sourceTree = "<group>";
		};
		6055BD2A295D327000EC4791 = {
			isa = PBXGroup;
			children = (
				6055BD35295D327000EC4791 /* habit */,
				6055BD34295D327000EC4791 /* Products */,
				060C3D4DFBCF9118235F371F /* Pods */,
				AA698F120B98230BFA631716 /* Frameworks */,
			);
			sourceTree = "<group>";
		};
		6055BD34295D327000EC4791 /* Products */ = {
			isa = PBXGroup;
			children = (
				6055BD33295D327000EC4791 /* habit.app */,
			);
			name = Products;
			sourceTree = "<group>";
		};
		6055BD35295D327000EC4791 /* habit */ = {
			isa = PBXGroup;
			children = (
				6055BD36295D327000EC4791 /* AppDelegate.swift */,
				6055BD38295D327000EC4791 /* SceneDelegate.swift */,
				6055BD50295D393500EC4791 /* Helpers */,
				6055BD4F295D392B00EC4791 /* Views */,
				6055BD4E295D392500EC4791 /* Models */,
				6055BD4D295D391D00EC4791 /* Controllers */,
				6055BD3C295D327000EC4791 /* Main.storyboard */,
				6055BD42295D327200EC4791 /* Assets.xcassets */,
				6055BD44295D327200EC4791 /* LaunchScreen.storyboard */,
				6055BD47295D327200EC4791 /* Info.plist */,
				6055BD3F295D327000EC4791 /* habit.xcdatamodeld */,
			);
			path = habit;
			sourceTree = "<group>";
		};
		6055BD4D295D391D00EC4791 /* Controllers */ = {
			isa = PBXGroup;
			children = (
				6055BD3A295D327000EC4791 /* ViewController.swift */,
				6055BD60295D6F4700EC4791 /* RegisterViewController.swift */,
				6055BD62295D787800EC4791 /* DetailViewController.swift */,
				609CD2ED2967B74100953336 /* SKStoreReviewController+Extension.swift */,
				60394B67296E4C5B007DAAA4 /* AcheiveDetailController.swift */,
			);
			path = Controllers;
			sourceTree = "<group>";
		};
		6055BD4E295D392500EC4791 /* Models */ = {
			isa = PBXGroup;
			children = (
				60394B6B296E5390007DAAA4 /* Acheive+CoreDataProperties.swift */,
				60394B61296E3633007DAAA4 /* Habit+CoreDataClass.swift */,
				60394B5F296E3633007DAAA4 /* Habit+CoreDataProperties.swift */,
				6055BD58295D4BD900EC4791 /* CoreDataManager.swift */,
			);
			path = Models;
			sourceTree = "<group>";
		};
		6055BD4F295D392B00EC4791 /* Views */ = {
			isa = PBXGroup;
			children = (
				609CD2EB2967AFA300953336 /* HabitCell.swift */,
				605516D0296B9E5200A2B87E /* ColorCell.swift */,
			);
			path = Views;
			sourceTree = "<group>";
		};
		6055BD50295D393500EC4791 /* Helpers */ = {
			isa = PBXGroup;
			children = (
				6098CC5D2963F09B0077D828 /* MyColor.swift */,
				609CD2E6296683D100953336 /* ContributionHelper.swift */,
				605516D2296BA51500A2B87E /* UIColor+Extension.swift */,
				60AF535B296BED74005B8F1B /* UITextField+Extension.swift */,
				60AF535D296BFD7C005B8F1B /* Constant.swift */,
				60394B55296CFEEC007DAAA4 /* CircularProgressView.swift */,
			);
			path = Helpers;
			sourceTree = "<group>";
		};
		AA698F120B98230BFA631716 /* Frameworks */ = {
			isa = PBXGroup;
			children = (
				7427A406C09971717B6C2CBB /* Pods_habit.framework */,
			);
			name = Frameworks;
			sourceTree = "<group>";
		};
/* End PBXGroup section */

/* Begin PBXNativeTarget section */
		6055BD32295D327000EC4791 /* habit */ = {
			isa = PBXNativeTarget;
			buildConfigurationList = 6055BD4A295D327200EC4791 /* Build configuration list for PBXNativeTarget "habit" */;
			buildPhases = (
				6EE538346AB3DA52A099F619 /* [CP] Check Pods Manifest.lock */,
				6055BD2F295D327000EC4791 /* Sources */,
				6055BD30295D327000EC4791 /* Frameworks */,
				6055BD31295D327000EC4791 /* Resources */,
				DCE513DFEEE500C151FF5EC3 /* [CP] Embed Pods Frameworks */,
			);
			buildRules = (
			);
			dependencies = (
			);
			name = habit;
			productName = habit;
			productReference = 6055BD33295D327000EC4791 /* habit.app */;
			productType = "com.apple.product-type.application";
		};
/* End PBXNativeTarget section */

/* Begin PBXProject section */
		6055BD2B295D327000EC4791 /* Project object */ = {
			isa = PBXProject;
			attributes = {
				BuildIndependentTargetsInParallel = 1;
				LastSwiftUpdateCheck = 1420;
				LastUpgradeCheck = 1420;
				TargetAttributes = {
					6055BD32295D327000EC4791 = {
						CreatedOnToolsVersion = 14.2;
					};
				};
			};
			buildConfigurationList = 6055BD2E295D327000EC4791 /* Build configuration list for PBXProject "habit" */;
			compatibilityVersion = "Xcode 12.0";
			developmentRegion = en;
			hasScannedForEncodings = 0;
			knownRegions = (
				en,
				Base,
			);
			mainGroup = 6055BD2A295D327000EC4791;
			productRefGroup = 6055BD34295D327000EC4791 /* Products */;
			projectDirPath = "";
			projectRoot = "";
			targets = (
				6055BD32295D327000EC4791 /* habit */,
			);
		};
/* End PBXProject section */

/* Begin PBXResourcesBuildPhase section */
		6055BD31295D327000EC4791 /* Resources */ = {
			isa = PBXResourcesBuildPhase;
			buildActionMask = 2147483647;
			files = (
				6055BD46295D327200EC4791 /* LaunchScreen.storyboard in Resources */,
				6055BD43295D327200EC4791 /* Assets.xcassets in Resources */,
				6055BD3E295D327000EC4791 /* Main.storyboard in Resources */,
			);
			runOnlyForDeploymentPostprocessing = 0;
		};
/* End PBXResourcesBuildPhase section */

/* Begin PBXShellScriptBuildPhase section */
		6EE538346AB3DA52A099F619 /* [CP] Check Pods Manifest.lock */ = {
			isa = PBXShellScriptBuildPhase;
			buildActionMask = 2147483647;
			files = (
			);
			inputFileListPaths = (
			);
			inputPaths = (
				"${PODS_PODFILE_DIR_PATH}/Podfile.lock",
				"${PODS_ROOT}/Manifest.lock",
			);
			name = "[CP] Check Pods Manifest.lock";
			outputFileListPaths = (
			);
			outputPaths = (
				"$(DERIVED_FILE_DIR)/Pods-habit-checkManifestLockResult.txt",
			);
			runOnlyForDeploymentPostprocessing = 0;
			shellPath = /bin/sh;
			shellScript = "diff \"${PODS_PODFILE_DIR_PATH}/Podfile.lock\" \"${PODS_ROOT}/Manifest.lock\" > /dev/null\nif [ $? != 0 ] ; then\n    # print error to STDERR\n    echo \"error: The sandbox is not in sync with the Podfile.lock. Run 'pod install' or update your CocoaPods installation.\" >&2\n    exit 1\nfi\n# This output is used by Xcode 'outputs' to avoid re-running this script phase.\necho \"SUCCESS\" > \"${SCRIPT_OUTPUT_FILE_0}\"\n";
			showEnvVarsInLog = 0;
		};
		DCE513DFEEE500C151FF5EC3 /* [CP] Embed Pods Frameworks */ = {
			isa = PBXShellScriptBuildPhase;
			buildActionMask = 2147483647;
			files = (
			);
			inputFileListPaths = (
				"${PODS_ROOT}/Target Support Files/Pods-habit/Pods-habit-frameworks-${CONFIGURATION}-input-files.xcfilelist",
			);
			name = "[CP] Embed Pods Frameworks";
			outputFileListPaths = (
				"${PODS_ROOT}/Target Support Files/Pods-habit/Pods-habit-frameworks-${CONFIGURATION}-output-files.xcfilelist",
			);
			runOnlyForDeploymentPostprocessing = 0;
			shellPath = /bin/sh;
			shellScript = "\"${PODS_ROOT}/Target Support Files/Pods-habit/Pods-habit-frameworks.sh\"\n";
			showEnvVarsInLog = 0;
		};
/* End PBXShellScriptBuildPhase section */

/* Begin PBXSourcesBuildPhase section */
		6055BD2F295D327000EC4791 /* Sources */ = {
			isa = PBXSourcesBuildPhase;
			buildActionMask = 2147483647;
			files = (
				6055BD63295D787800EC4791 /* DetailViewController.swift in Sources */,
				60AF535E296BFD7C005B8F1B /* Constant.swift in Sources */,
				60394B6C296E5390007DAAA4 /* Acheive+CoreDataProperties.swift in Sources */,
				6055BD3B295D327000EC4791 /* ViewController.swift in Sources */,
				6055BD37295D327000EC4791 /* AppDelegate.swift in Sources */,
				6098CC5E2963F09B0077D828 /* MyColor.swift in Sources */,
				60394B64296E3633007DAAA4 /* Habit+CoreDataClass.swift in Sources */,
				60394B68296E4C5B007DAAA4 /* AcheiveDetailController.swift in Sources */,
				609CD2E7296683D200953336 /* ContributionHelper.swift in Sources */,
				60AF535C296BED75005B8F1B /* UITextField+Extension.swift in Sources */,
				6055BD41295D327000EC4791 /* habit.xcdatamodeld in Sources */,
				605516D1296B9E5200A2B87E /* ColorCell.swift in Sources */,
				6055BD39295D327000EC4791 /* SceneDelegate.swift in Sources */,
				605516D3296BA51500A2B87E /* UIColor+Extension.swift in Sources */,
				609CD2EC2967AFA300953336 /* HabitCell.swift in Sources */,
				60394B56296CFEEC007DAAA4 /* CircularProgressView.swift in Sources */,
				60394B66296E3633007DAAA4 /* Habit+CoreDataProperties.swift in Sources */,
				6055BD61295D6F4700EC4791 /* RegisterViewController.swift in Sources */,
				6055BD59295D4BD900EC4791 /* CoreDataManager.swift in Sources */,
				609CD2EE2967B74100953336 /* SKStoreReviewController+Extension.swift in Sources */,
			);
			runOnlyForDeploymentPostprocessing = 0;
		};
/* End PBXSourcesBuildPhase section */

/* Begin PBXVariantGroup section */
		6055BD3C295D327000EC4791 /* Main.storyboard */ = {
			isa = PBXVariantGroup;
			children = (
				6055BD3D295D327000EC4791 /* Base */,
			);
			name = Main.storyboard;
			sourceTree = "<group>";
		};
		6055BD44295D327200EC4791 /* LaunchScreen.storyboard */ = {
			isa = PBXVariantGroup;
			children = (
				6055BD45295D327200EC4791 /* Base */,
			);
			name = LaunchScreen.storyboard;
			sourceTree = "<group>";
		};
/* End PBXVariantGroup section */

/* Begin XCBuildConfiguration section */
		6055BD48295D327200EC4791 /* Debug */ = {
			isa = XCBuildConfiguration;
			buildSettings = {
				ALWAYS_SEARCH_USER_PATHS = NO;
				CLANG_ANALYZER_NONNULL = YES;
				CLANG_ANALYZER_NUMBER_OBJECT_CONVERSION = YES_AGGRESSIVE;
				CLANG_CXX_LANGUAGE_STANDARD = "gnu++20";
				CLANG_ENABLE_MODULES = YES;
				CLANG_ENABLE_OBJC_ARC = YES;
				CLANG_ENABLE_OBJC_WEAK = YES;
				CLANG_WARN_BLOCK_CAPTURE_AUTORELEASING = YES;
				CLANG_WARN_BOOL_CONVERSION = YES;
				CLANG_WARN_COMMA = YES;
				CLANG_WARN_CONSTANT_CONVERSION = YES;
				CLANG_WARN_DEPRECATED_OBJC_IMPLEMENTATIONS = YES;
				CLANG_WARN_DIRECT_OBJC_ISA_USAGE = YES_ERROR;
				CLANG_WARN_DOCUMENTATION_COMMENTS = YES;
				CLANG_WARN_EMPTY_BODY = YES;
				CLANG_WARN_ENUM_CONVERSION = YES;
				CLANG_WARN_INFINITE_RECURSION = YES;
				CLANG_WARN_INT_CONVERSION = YES;
				CLANG_WARN_NON_LITERAL_NULL_CONVERSION = YES;
				CLANG_WARN_OBJC_IMPLICIT_RETAIN_SELF = YES;
				CLANG_WARN_OBJC_LITERAL_CONVERSION = YES;
				CLANG_WARN_OBJC_ROOT_CLASS = YES_ERROR;
				CLANG_WARN_QUOTED_INCLUDE_IN_FRAMEWORK_HEADER = YES;
				CLANG_WARN_RANGE_LOOP_ANALYSIS = YES;
				CLANG_WARN_STRICT_PROTOTYPES = YES;
				CLANG_WARN_SUSPICIOUS_MOVE = YES;
				CLANG_WARN_UNGUARDED_AVAILABILITY = YES_AGGRESSIVE;
				CLANG_WARN_UNREACHABLE_CODE = YES;
				CLANG_WARN__DUPLICATE_METHOD_MATCH = YES;
				COPY_PHASE_STRIP = NO;
				DEBUG_INFORMATION_FORMAT = dwarf;
				ENABLE_STRICT_OBJC_MSGSEND = YES;
				ENABLE_TESTABILITY = YES;
				GCC_C_LANGUAGE_STANDARD = gnu11;
				GCC_DYNAMIC_NO_PIC = NO;
				GCC_NO_COMMON_BLOCKS = YES;
				GCC_OPTIMIZATION_LEVEL = 0;
				GCC_PREPROCESSOR_DEFINITIONS = (
					"DEBUG=1",
					"$(inherited)",
				);
				GCC_WARN_64_TO_32_BIT_CONVERSION = YES;
				GCC_WARN_ABOUT_RETURN_TYPE = YES_ERROR;
				GCC_WARN_UNDECLARED_SELECTOR = YES;
				GCC_WARN_UNINITIALIZED_AUTOS = YES_AGGRESSIVE;
				GCC_WARN_UNUSED_FUNCTION = YES;
				GCC_WARN_UNUSED_VARIABLE = YES;
				IPHONEOS_DEPLOYMENT_TARGET = 16.2;
				MTL_ENABLE_DEBUG_INFO = INCLUDE_SOURCE;
				MTL_FAST_MATH = YES;
				ONLY_ACTIVE_ARCH = YES;
				SDKROOT = iphoneos;
				SWIFT_ACTIVE_COMPILATION_CONDITIONS = DEBUG;
				SWIFT_OPTIMIZATION_LEVEL = "-Onone";
			};
			name = Debug;
		};
		6055BD49295D327200EC4791 /* Release */ = {
			isa = XCBuildConfiguration;
			buildSettings = {
				ALWAYS_SEARCH_USER_PATHS = NO;
				CLANG_ANALYZER_NONNULL = YES;
				CLANG_ANALYZER_NUMBER_OBJECT_CONVERSION = YES_AGGRESSIVE;
				CLANG_CXX_LANGUAGE_STANDARD = "gnu++20";
				CLANG_ENABLE_MODULES = YES;
				CLANG_ENABLE_OBJC_ARC = YES;
				CLANG_ENABLE_OBJC_WEAK = YES;
				CLANG_WARN_BLOCK_CAPTURE_AUTORELEASING = YES;
				CLANG_WARN_BOOL_CONVERSION = YES;
				CLANG_WARN_COMMA = YES;
				CLANG_WARN_CONSTANT_CONVERSION = YES;
				CLANG_WARN_DEPRECATED_OBJC_IMPLEMENTATIONS = YES;
				CLANG_WARN_DIRECT_OBJC_ISA_USAGE = YES_ERROR;
				CLANG_WARN_DOCUMENTATION_COMMENTS = YES;
				CLANG_WARN_EMPTY_BODY = YES;
				CLANG_WARN_ENUM_CONVERSION = YES;
				CLANG_WARN_INFINITE_RECURSION = YES;
				CLANG_WARN_INT_CONVERSION = YES;
				CLANG_WARN_NON_LITERAL_NULL_CONVERSION = YES;
				CLANG_WARN_OBJC_IMPLICIT_RETAIN_SELF = YES;
				CLANG_WARN_OBJC_LITERAL_CONVERSION = YES;
				CLANG_WARN_OBJC_ROOT_CLASS = YES_ERROR;
				CLANG_WARN_QUOTED_INCLUDE_IN_FRAMEWORK_HEADER = YES;
				CLANG_WARN_RANGE_LOOP_ANALYSIS = YES;
				CLANG_WARN_STRICT_PROTOTYPES = YES;
				CLANG_WARN_SUSPICIOUS_MOVE = YES;
				CLANG_WARN_UNGUARDED_AVAILABILITY = YES_AGGRESSIVE;
				CLANG_WARN_UNREACHABLE_CODE = YES;
				CLANG_WARN__DUPLICATE_METHOD_MATCH = YES;
				COPY_PHASE_STRIP = NO;
				DEBUG_INFORMATION_FORMAT = "dwarf-with-dsym";
				ENABLE_NS_ASSERTIONS = NO;
				ENABLE_STRICT_OBJC_MSGSEND = YES;
				GCC_C_LANGUAGE_STANDARD = gnu11;
				GCC_NO_COMMON_BLOCKS = YES;
				GCC_WARN_64_TO_32_BIT_CONVERSION = YES;
				GCC_WARN_ABOUT_RETURN_TYPE = YES_ERROR;
				GCC_WARN_UNDECLARED_SELECTOR = YES;
				GCC_WARN_UNINITIALIZED_AUTOS = YES_AGGRESSIVE;
				GCC_WARN_UNUSED_FUNCTION = YES;
				GCC_WARN_UNUSED_VARIABLE = YES;
				IPHONEOS_DEPLOYMENT_TARGET = 16.2;
				MTL_ENABLE_DEBUG_INFO = NO;
				MTL_FAST_MATH = YES;
				SDKROOT = iphoneos;
				SWIFT_COMPILATION_MODE = wholemodule;
				SWIFT_OPTIMIZATION_LEVEL = "-O";
				VALIDATE_PRODUCT = YES;
			};
			name = Release;
		};
		6055BD4B295D327200EC4791 /* Debug */ = {
			isa = XCBuildConfiguration;
			baseConfigurationReference = 819DB8B2D76280EA3CC33834 /* Pods-habit.debug.xcconfig */;
			buildSettings = {
				ASSETCATALOG_COMPILER_APPICON_NAME = AppIcon;
				ASSETCATALOG_COMPILER_GLOBAL_ACCENT_COLOR_NAME = AccentColor;
				CODE_SIGN_STYLE = Automatic;
				CURRENT_PROJECT_VERSION = 1;
				DEVELOPMENT_TEAM = PK26VJ57ZY;
				GENERATE_INFOPLIST_FILE = YES;
				INFOPLIST_FILE = habit/Info.plist;
				INFOPLIST_KEY_UIApplicationSupportsIndirectInputEvents = YES;
				INFOPLIST_KEY_UILaunchStoryboardName = LaunchScreen;
				INFOPLIST_KEY_UIMainStoryboardFile = Main;
				INFOPLIST_KEY_UISupportedInterfaceOrientations_iPad = "UIInterfaceOrientationPortrait UIInterfaceOrientationPortraitUpsideDown UIInterfaceOrientationLandscapeLeft UIInterfaceOrientationLandscapeRight";
				INFOPLIST_KEY_UISupportedInterfaceOrientations_iPhone = "UIInterfaceOrientationPortrait UIInterfaceOrientationLandscapeLeft UIInterfaceOrientationLandscapeRight";
				IPHONEOS_DEPLOYMENT_TARGET = 14.0;
				LD_RUNPATH_SEARCH_PATHS = (
					"$(inherited)",
					"@executable_path/Frameworks",
				);
				MARKETING_VERSION = 1.0;
				PRODUCT_BUNDLE_IDENTIFIER = com.donggu.habit;
				PRODUCT_NAME = "$(TARGET_NAME)";
				SUPPORTED_PLATFORMS = "iphoneos iphonesimulator";
				SUPPORTS_MACCATALYST = NO;
				SUPPORTS_MAC_DESIGNED_FOR_IPHONE_IPAD = NO;
				SWIFT_EMIT_LOC_STRINGS = YES;
				SWIFT_VERSION = 5.0;
				TARGETED_DEVICE_FAMILY = 1;
			};
			name = Debug;
		};
		6055BD4C295D327200EC4791 /* Release */ = {
			isa = XCBuildConfiguration;
			baseConfigurationReference = FD30C141D55A57CF639FF7D6 /* Pods-habit.release.xcconfig */;
			buildSettings = {
				ASSETCATALOG_COMPILER_APPICON_NAME = AppIcon;
				ASSETCATALOG_COMPILER_GLOBAL_ACCENT_COLOR_NAME = AccentColor;
				CODE_SIGN_STYLE = Automatic;
				CURRENT_PROJECT_VERSION = 1;
				DEVELOPMENT_TEAM = PK26VJ57ZY;
				GENERATE_INFOPLIST_FILE = YES;
				INFOPLIST_FILE = habit/Info.plist;
				INFOPLIST_KEY_UIApplicationSupportsIndirectInputEvents = YES;
				INFOPLIST_KEY_UILaunchStoryboardName = LaunchScreen;
				INFOPLIST_KEY_UIMainStoryboardFile = Main;
				INFOPLIST_KEY_UISupportedInterfaceOrientations_iPad = "UIInterfaceOrientationPortrait UIInterfaceOrientationPortraitUpsideDown UIInterfaceOrientationLandscapeLeft UIInterfaceOrientationLandscapeRight";
				INFOPLIST_KEY_UISupportedInterfaceOrientations_iPhone = "UIInterfaceOrientationPortrait UIInterfaceOrientationLandscapeLeft UIInterfaceOrientationLandscapeRight";
				IPHONEOS_DEPLOYMENT_TARGET = 14.0;
				LD_RUNPATH_SEARCH_PATHS = (
					"$(inherited)",
					"@executable_path/Frameworks",
				);
				MARKETING_VERSION = 1.0;
				PRODUCT_BUNDLE_IDENTIFIER = com.donggu.habit;
				PRODUCT_NAME = "$(TARGET_NAME)";
				SUPPORTED_PLATFORMS = "iphoneos iphonesimulator";
				SUPPORTS_MACCATALYST = NO;
				SUPPORTS_MAC_DESIGNED_FOR_IPHONE_IPAD = NO;
				SWIFT_EMIT_LOC_STRINGS = YES;
				SWIFT_VERSION = 5.0;
				TARGETED_DEVICE_FAMILY = 1;
			};
			name = Release;
		};
/* End XCBuildConfiguration section */

/* Begin XCConfigurationList section */
		6055BD2E295D327000EC4791 /* Build configuration list for PBXProject "habit" */ = {
			isa = XCConfigurationList;
			buildConfigurations = (
				6055BD48295D327200EC4791 /* Debug */,
				6055BD49295D327200EC4791 /* Release */,
			);
			defaultConfigurationIsVisible = 0;
			defaultConfigurationName = Release;
		};
		6055BD4A295D327200EC4791 /* Build configuration list for PBXNativeTarget "habit" */ = {
			isa = XCConfigurationList;
			buildConfigurations = (
				6055BD4B295D327200EC4791 /* Debug */,
				6055BD4C295D327200EC4791 /* Release */,
			);
			defaultConfigurationIsVisible = 0;
			defaultConfigurationName = Release;
		};
/* End XCConfigurationList section */

/* Begin XCVersionGroup section */
		6055BD3F295D327000EC4791 /* habit.xcdatamodeld */ = {
			isa = XCVersionGroup;
			children = (
				6055BD40295D327000EC4791 /* habit.xcdatamodel */,
			);
			currentVersion = 6055BD40295D327000EC4791 /* habit.xcdatamodel */;
			path = habit.xcdatamodeld;
			sourceTree = "<group>";
			versionGroupType = wrapper.xcdatamodel;
		};
/* End XCVersionGroup section */
	};
	rootObject = 6055BD2B295D327000EC4791 /* Project object */;
}
