// !$*UTF8*$!
{
	archiveVersion = 1;
	classes = {
	};
	objectVersion = 56;
	objects = {

/* Begin PBXBuildFile section */
		6055BD37295D327000EC4791 /* AppDelegate.swift in Sources */ = {isa = PBXBuildFile; fileRef = 6055BD36295D327000EC4791 /* AppDelegate.swift */; };
		6055BD39295D327000EC4791 /* SceneDelegate.swift in Sources */ = {isa = PBXBuildFile; fileRef = 6055BD38295D327000EC4791 /* SceneDelegate.swift */; };
		6055BD3B295D327000EC4791 /* ViewController.swift in Sources */ = {isa = PBXBuildFile; fileRef = 6055BD3A295D327000EC4791 /* ViewController.swift */; };
		6055BD3E295D327000EC4791 /* Main.storyboard in Resources */ = {isa = PBXBuildFile; fileRef = 6055BD3C295D327000EC4791 /* Main.storyboard */; };
		6055BD41295D327000EC4791 /* habit.xcdatamodeld in Sources */ = {isa = PBXBuildFile; fileRef = 6055BD3F295D327000EC4791 /* habit.xcdatamodeld */; };
		6055BD43295D327200EC4791 /* Assets.xcassets in Resources */ = {isa = PBXBuildFile; fileRef = 6055BD42295D327200EC4791 /* Assets.xcassets */; };
		6055BD46295D327200EC4791 /* LaunchScreen.storyboard in Resources */ = {isa = PBXBuildFile; fileRef = 6055BD44295D327200EC4791 /* LaunchScreen.storyboard */; };
		6055BD59295D4BD900EC4791 /* CoreDataManager.swift in Sources */ = {isa = PBXBuildFile; fileRef = 6055BD58295D4BD900EC4791 /* CoreDataManager.swift */; };
		6055BD5D295D514000EC4791 /* HabitCell.swift in Sources */ = {isa = PBXBuildFile; fileRef = 6055BD5C295D514000EC4791 /* HabitCell.swift */; };
		6055BD5F295D688C00EC4791 /* FooterCollectionReusableView.swift in Sources */ = {isa = PBXBuildFile; fileRef = 6055BD5E295D688C00EC4791 /* FooterCollectionReusableView.swift */; };
		6055BD61295D6F4700EC4791 /* RegisterViewController.swift in Sources */ = {isa = PBXBuildFile; fileRef = 6055BD60295D6F4700EC4791 /* RegisterViewController.swift */; };
		6055BD63295D787800EC4791 /* DetailViewController.swift in Sources */ = {isa = PBXBuildFile; fileRef = 6055BD62295D787800EC4791 /* DetailViewController.swift */; };
		6055BD66295D7E9700EC4791 /* Habit+CoreDataClass.swift in Sources */ = {isa = PBXBuildFile; fileRef = 6055BD64295D7E9700EC4791 /* Habit+CoreDataClass.swift */; };
		6055BD67295D7E9700EC4791 /* Habit+CoreDataProperties.swift in Sources */ = {isa = PBXBuildFile; fileRef = 6055BD65295D7E9700EC4791 /* Habit+CoreDataProperties.swift */; };
		6055BD69295D82E700EC4791 /* CircularProgressBarView.swift in Sources */ = {isa = PBXBuildFile; fileRef = 6055BD68295D82E700EC4791 /* CircularProgressBarView.swift */; };
/* End PBXBuildFile section */

/* Begin PBXFileReference section */
		6055BD33295D327000EC4791 /* habit.app */ = {isa = PBXFileReference; explicitFileType = wrapper.application; includeInIndex = 0; path = habit.app; sourceTree = BUILT_PRODUCTS_DIR; };
		6055BD36295D327000EC4791 /* AppDelegate.swift */ = {isa = PBXFileReference; lastKnownFileType = sourcecode.swift; path = AppDelegate.swift; sourceTree = "<group>"; };
		6055BD38295D327000EC4791 /* SceneDelegate.swift */ = {isa = PBXFileReference; lastKnownFileType = sourcecode.swift; path = SceneDelegate.swift; sourceTree = "<group>"; };
		6055BD3A295D327000EC4791 /* ViewController.swift */ = {isa = PBXFileReference; lastKnownFileType = sourcecode.swift; path = ViewController.swift; sourceTree = "<group>"; };
		6055BD3D295D327000EC4791 /* Base */ = {isa = PBXFileReference; lastKnownFileType = file.storyboard; name = Base; path = Base.lproj/Main.storyboard; sourceTree = "<group>"; };
		6055BD40295D327000EC4791 /* habit.xcdatamodel */ = {isa = PBXFileReference; lastKnownFileType = wrapper.xcdatamodel; path = habit.xcdatamodel; sourceTree = "<group>"; };
		6055BD42295D327200EC4791 /* Assets.xcassets */ = {isa = PBXFileReference; lastKnownFileType = folder.assetcatalog; path = Assets.xcassets; sourceTree = "<group>"; };
		6055BD45295D327200EC4791 /* Base */ = {isa = PBXFileReference; lastKnownFileType = file.storyboard; name = Base; path = Base.lproj/LaunchScreen.storyboard; sourceTree = "<group>"; };
		6055BD47295D327200EC4791 /* Info.plist */ = {isa = PBXFileReference; lastKnownFileType = text.plist.xml; path = Info.plist; sourceTree = "<group>"; };
		6055BD58295D4BD900EC4791 /* CoreDataManager.swift */ = {isa = PBXFileReference; lastKnownFileType = sourcecode.swift; path = CoreDataManager.swift; sourceTree = "<group>"; };
		6055BD5C295D514000EC4791 /* HabitCell.swift */ = {isa = PBXFileReference; lastKnownFileType = sourcecode.swift; path = HabitCell.swift; sourceTree = "<group>"; };
		6055BD5E295D688C00EC4791 /* FooterCollectionReusableView.swift */ = {isa = PBXFileReference; lastKnownFileType = sourcecode.swift; path = FooterCollectionReusableView.swift; sourceTree = "<group>"; };
		6055BD60295D6F4700EC4791 /* RegisterViewController.swift */ = {isa = PBXFileReference; lastKnownFileType = sourcecode.swift; path = RegisterViewController.swift; sourceTree = "<group>"; };
		6055BD62295D787800EC4791 /* DetailViewController.swift */ = {isa = PBXFileReference; lastKnownFileType = sourcecode.swift; path = DetailViewController.swift; sourceTree = "<group>"; };
		6055BD64295D7E9700EC4791 /* Habit+CoreDataClass.swift */ = {isa = PBXFileReference; lastKnownFileType = sourcecode.swift; name = "Habit+CoreDataClass.swift"; path = "../../Habit+CoreDataClass.swift"; sourceTree = "<group>"; };
		6055BD65295D7E9700EC4791 /* Habit+CoreDataProperties.swift */ = {isa = PBXFileReference; lastKnownFileType = sourcecode.swift; name = "Habit+CoreDataProperties.swift"; path = "../../Habit+CoreDataProperties.swift"; sourceTree = "<group>"; };
		6055BD68295D82E700EC4791 /* CircularProgressBarView.swift */ = {isa = PBXFileReference; lastKnownFileType = sourcecode.swift; path = CircularProgressBarView.swift; sourceTree = "<group>"; };
/* End PBXFileReference section */

/* Begin PBXFrameworksBuildPhase section */
		6055BD30295D327000EC4791 /* Frameworks */ = {
			isa = PBXFrameworksBuildPhase;
			buildActionMask = 2147483647;
			files = (
			);
			runOnlyForDeploymentPostprocessing = 0;
		};
/* End PBXFrameworksBuildPhase section */

/* Begin PBXGroup section */
		6055BD2A295D327000EC4791 = {
			isa = PBXGroup;
			children = (
				6055BD35295D327000EC4791 /* habit */,
				6055BD34295D327000EC4791 /* Products */,
			);
			sourceTree = "<group>";
		};
		6055BD34295D327000EC4791 /* Products */ = {
			isa = PBXGroup;
			children = (
				6055BD33295D327000EC4791 /* habit.app */,
			);
			name = Products;
			sourceTree = "<group>";
		};
		6055BD35295D327000EC4791 /* habit */ = {
			isa = PBXGroup;
			children = (
				6055BD36295D327000EC4791 /* AppDelegate.swift */,
				6055BD38295D327000EC4791 /* SceneDelegate.swift */,
				6055BD50295D393500EC4791 /* Helpers */,
				6055BD4F295D392B00EC4791 /* Views */,
				6055BD4E295D392500EC4791 /* Models */,
				6055BD4D295D391D00EC4791 /* Controllers */,
				6055BD3C295D327000EC4791 /* Main.storyboard */,
				6055BD42295D327200EC4791 /* Assets.xcassets */,
				6055BD44295D327200EC4791 /* LaunchScreen.storyboard */,
				6055BD47295D327200EC4791 /* Info.plist */,
				6055BD3F295D327000EC4791 /* habit.xcdatamodeld */,
			);
			path = habit;
			sourceTree = "<group>";
		};
		6055BD4D295D391D00EC4791 /* Controllers */ = {
			isa = PBXGroup;
			children = (
				6055BD3A295D327000EC4791 /* ViewController.swift */,
				6055BD60295D6F4700EC4791 /* RegisterViewController.swift */,
				6055BD62295D787800EC4791 /* DetailViewController.swift */,
			);
			path = Controllers;
			sourceTree = "<group>";
		};
		6055BD4E295D392500EC4791 /* Models */ = {
			isa = PBXGroup;
			children = (
				6055BD64295D7E9700EC4791 /* Habit+CoreDataClass.swift */,
				6055BD65295D7E9700EC4791 /* Habit+CoreDataProperties.swift */,
				6055BD58295D4BD900EC4791 /* CoreDataManager.swift */,
			);
			path = Models;
			sourceTree = "<group>";
		};
		6055BD4F295D392B00EC4791 /* Views */ = {
			isa = PBXGroup;
			children = (
				6055BD5C295D514000EC4791 /* HabitCell.swift */,
				6055BD5E295D688C00EC4791 /* FooterCollectionReusableView.swift */,
				6055BD68295D82E700EC4791 /* CircularProgressBarView.swift */,
			);
			path = Views;
			sourceTree = "<group>";
		};
		6055BD50295D393500EC4791 /* Helpers */ = {
			isa = PBXGroup;
			children = (
			);
			path = Helpers;
			sourceTree = "<group>";
		};
/* End PBXGroup section */

/* Begin PBXNativeTarget section */
		6055BD32295D327000EC4791 /* habit */ = {
			isa = PBXNativeTarget;
			buildConfigurationList = 6055BD4A295D327200EC4791 /* Build configuration list for PBXNativeTarget "habit" */;
			buildPhases = (
				6055BD2F295D327000EC4791 /* Sources */,
				6055BD30295D327000EC4791 /* Frameworks */,
				6055BD31295D327000EC4791 /* Resources */,
			);
			buildRules = (
			);
			dependencies = (
			);
			name = habit;
			productName = habit;
			productReference = 6055BD33295D327000EC4791 /* habit.app */;
			productType = "com.apple.product-type.application";
		};
/* End PBXNativeTarget section */

/* Begin PBXProject section */
		6055BD2B295D327000EC4791 /* Project object */ = {
			isa = PBXProject;
			attributes = {
				BuildIndependentTargetsInParallel = 1;
				LastSwiftUpdateCheck = 1420;
				LastUpgradeCheck = 1420;
				TargetAttributes = {
					6055BD32295D327000EC4791 = {
						CreatedOnToolsVersion = 14.2;
					};
				};
			};
			buildConfigurationList = 6055BD2E295D327000EC4791 /* Build configuration list for PBXProject "habit" */;
			compatibilityVersion = "Xcode 14.0";
			developmentRegion = en;
			hasScannedForEncodings = 0;
			knownRegions = (
				en,
				Base,
			);
			mainGroup = 6055BD2A295D327000EC4791;
			productRefGroup = 6055BD34295D327000EC4791 /* Products */;
			projectDirPath = "";
			projectRoot = "";
			targets = (
				6055BD32295D327000EC4791 /* habit */,
			);
		};
/* End PBXProject section */

/* Begin PBXResourcesBuildPhase section */
		6055BD31295D327000EC4791 /* Resources */ = {
			isa = PBXResourcesBuildPhase;
			buildActionMask = 2147483647;
			files = (
				6055BD46295D327200EC4791 /* LaunchScreen.storyboard in Resources */,
				6055BD43295D327200EC4791 /* Assets.xcassets in Resources */,
				6055BD3E295D327000EC4791 /* Main.storyboard in Resources */,
			);
			runOnlyForDeploymentPostprocessing = 0;
		};
/* End PBXResourcesBuildPhase section */

/* Begin PBXSourcesBuildPhase section */
		6055BD2F295D327000EC4791 /* Sources */ = {
			isa = PBXSourcesBuildPhase;
			buildActionMask = 2147483647;
			files = (
				6055BD63295D787800EC4791 /* DetailViewController.swift in Sources */,
				6055BD3B295D327000EC4791 /* ViewController.swift in Sources */,
				6055BD37295D327000EC4791 /* AppDelegate.swift in Sources */,
				6055BD5D295D514000EC4791 /* HabitCell.swift in Sources */,
				6055BD66295D7E9700EC4791 /* Habit+CoreDataClass.swift in Sources */,
				6055BD41295D327000EC4791 /* habit.xcdatamodeld in Sources */,
				6055BD5F295D688C00EC4791 /* FooterCollectionReusableView.swift in Sources */,
				6055BD39295D327000EC4791 /* SceneDelegate.swift in Sources */,
				6055BD67295D7E9700EC4791 /* Habit+CoreDataProperties.swift in Sources */,
				6055BD61295D6F4700EC4791 /* RegisterViewController.swift in Sources */,
				6055BD69295D82E700EC4791 /* CircularProgressBarView.swift in Sources */,
				6055BD59295D4BD900EC4791 /* CoreDataManager.swift in Sources */,
			);
			runOnlyForDeploymentPostprocessing = 0;
		};
/* End PBXSourcesBuildPhase section */

/* Begin PBXVariantGroup section */
		6055BD3C295D327000EC4791 /* Main.storyboard */ = {
			isa = PBXVariantGroup;
			children = (
				6055BD3D295D327000EC4791 /* Base */,
			);
			name = Main.storyboard;
			sourceTree = "<group>";
		};
		6055BD44295D327200EC4791 /* LaunchScreen.storyboard */ = {
			isa = PBXVariantGroup;
			children = (
				6055BD45295D327200EC4791 /* Base */,
			);
			name = LaunchScreen.storyboard;
			sourceTree = "<group>";
		};
/* End PBXVariantGroup section */

/* Begin XCBuildConfiguration section */
		6055BD48295D327200EC4791 /* Debug */ = {
			isa = XCBuildConfiguration;
			buildSettings = {
				ALWAYS_SEARCH_USER_PATHS = NO;
				CLANG_ANALYZER_NONNULL = YES;
				CLANG_ANALYZER_NUMBER_OBJECT_CONVERSION = YES_AGGRESSIVE;
				CLANG_CXX_LANGUAGE_STANDARD = "gnu++20";
				CLANG_ENABLE_MODULES = YES;
				CLANG_ENABLE_OBJC_ARC = YES;
				CLANG_ENABLE_OBJC_WEAK = YES;
				CLANG_WARN_BLOCK_CAPTURE_AUTORELEASING = YES;
				CLANG_WARN_BOOL_CONVERSION = YES;
				CLANG_WARN_COMMA = YES;
				CLANG_WARN_CONSTANT_CONVERSION = YES;
				CLANG_WARN_DEPRECATED_OBJC_IMPLEMENTATIONS = YES;
				CLANG_WARN_DIRECT_OBJC_ISA_USAGE = YES_ERROR;
				CLANG_WARN_DOCUMENTATION_COMMENTS = YES;
				CLANG_WARN_EMPTY_BODY = YES;
				CLANG_WARN_ENUM_CONVERSION = YES;
				CLANG_WARN_INFINITE_RECURSION = YES;
				CLANG_WARN_INT_CONVERSION = YES;
				CLANG_WARN_NON_LITERAL_NULL_CONVERSION = YES;
				CLANG_WARN_OBJC_IMPLICIT_RETAIN_SELF = YES;
				CLANG_WARN_OBJC_LITERAL_CONVERSION = YES;
				CLANG_WARN_OBJC_ROOT_CLASS = YES_ERROR;
				CLANG_WARN_QUOTED_INCLUDE_IN_FRAMEWORK_HEADER = YES;
				CLANG_WARN_RANGE_LOOP_ANALYSIS = YES;
				CLANG_WARN_STRICT_PROTOTYPES = YES;
				CLANG_WARN_SUSPICIOUS_MOVE = YES;
				CLANG_WARN_UNGUARDED_AVAILABILITY = YES_AGGRESSIVE;
				CLANG_WARN_UNREACHABLE_CODE = YES;
				CLANG_WARN__DUPLICATE_METHOD_MATCH = YES;
				COPY_PHASE_STRIP = NO;
				DEBUG_INFORMATION_FORMAT = dwarf;
				ENABLE_STRICT_OBJC_MSGSEND = YES;
				ENABLE_TESTABILITY = YES;
				GCC_C_LANGUAGE_STANDARD = gnu11;
				GCC_DYNAMIC_NO_PIC = NO;
				GCC_NO_COMMON_BLOCKS = YES;
				GCC_OPTIMIZATION_LEVEL = 0;
				GCC_PREPROCESSOR_DEFINITIONS = (
					"DEBUG=1",
					"$(inherited)",
				);
				GCC_WARN_64_TO_32_BIT_CONVERSION = YES;
				GCC_WARN_ABOUT_RETURN_TYPE = YES_ERROR;
				GCC_WARN_UNDECLARED_SELECTOR = YES;
				GCC_WARN_UNINITIALIZED_AUTOS = YES_AGGRESSIVE;
				GCC_WARN_UNUSED_FUNCTION = YES;
				GCC_WARN_UNUSED_VARIABLE = YES;
				IPHONEOS_DEPLOYMENT_TARGET = 16.2;
				MTL_ENABLE_DEBUG_INFO = INCLUDE_SOURCE;
				MTL_FAST_MATH = YES;
				ONLY_ACTIVE_ARCH = YES;
				SDKROOT = iphoneos;
				SWIFT_ACTIVE_COMPILATION_CONDITIONS = DEBUG;
				SWIFT_OPTIMIZATION_LEVEL = "-Onone";
			};
			name = Debug;
		};
		6055BD49295D327200EC4791 /* Release */ = {
			isa = XCBuildConfiguration;
			buildSettings = {
				ALWAYS_SEARCH_USER_PATHS = NO;
				CLANG_ANALYZER_NONNULL = YES;
				CLANG_ANALYZER_NUMBER_OBJECT_CONVERSION = YES_AGGRESSIVE;
				CLANG_CXX_LANGUAGE_STANDARD = "gnu++20";
				CLANG_ENABLE_MODULES = YES;
				CLANG_ENABLE_OBJC_ARC = YES;
				CLANG_ENABLE_OBJC_WEAK = YES;
				CLANG_WARN_BLOCK_CAPTURE_AUTORELEASING = YES;
				CLANG_WARN_BOOL_CONVERSION = YES;
				CLANG_WARN_COMMA = YES;
				CLANG_WARN_CONSTANT_CONVERSION = YES;
				CLANG_WARN_DEPRECATED_OBJC_IMPLEMENTATIONS = YES;
				CLANG_WARN_DIRECT_OBJC_ISA_USAGE = YES_ERROR;
				CLANG_WARN_DOCUMENTATION_COMMENTS = YES;
				CLANG_WARN_EMPTY_BODY = YES;
				CLANG_WARN_ENUM_CONVERSION = YES;
				CLANG_WARN_INFINITE_RECURSION = YES;
				CLANG_WARN_INT_CONVERSION = YES;
				CLANG_WARN_NON_LITERAL_NULL_CONVERSION = YES;
				CLANG_WARN_OBJC_IMPLICIT_RETAIN_SELF = YES;
				CLANG_WARN_OBJC_LITERAL_CONVERSION = YES;
				CLANG_WARN_OBJC_ROOT_CLASS = YES_ERROR;
				CLANG_WARN_QUOTED_INCLUDE_IN_FRAMEWORK_HEADER = YES;
				CLANG_WARN_RANGE_LOOP_ANALYSIS = YES;
				CLANG_WARN_STRICT_PROTOTYPES = YES;
				CLANG_WARN_SUSPICIOUS_MOVE = YES;
				CLANG_WARN_UNGUARDED_AVAILABILITY = YES_AGGRESSIVE;
				CLANG_WARN_UNREACHABLE_CODE = YES;
				CLANG_WARN__DUPLICATE_METHOD_MATCH = YES;
				COPY_PHASE_STRIP = NO;
				DEBUG_INFORMATION_FORMAT = "dwarf-with-dsym";
				ENABLE_NS_ASSERTIONS = NO;
				ENABLE_STRICT_OBJC_MSGSEND = YES;
				GCC_C_LANGUAGE_STANDARD = gnu11;
				GCC_NO_COMMON_BLOCKS = YES;
				GCC_WARN_64_TO_32_BIT_CONVERSION = YES;
				GCC_WARN_ABOUT_RETURN_TYPE = YES_ERROR;
				GCC_WARN_UNDECLARED_SELECTOR = YES;
				GCC_WARN_UNINITIALIZED_AUTOS = YES_AGGRESSIVE;
				GCC_WARN_UNUSED_FUNCTION = YES;
				GCC_WARN_UNUSED_VARIABLE = YES;
				IPHONEOS_DEPLOYMENT_TARGET = 16.2;
				MTL_ENABLE_DEBUG_INFO = NO;
				MTL_FAST_MATH = YES;
				SDKROOT = iphoneos;
				SWIFT_COMPILATION_MODE = wholemodule;
				SWIFT_OPTIMIZATION_LEVEL = "-O";
				VALIDATE_PRODUCT = YES;
			};
			name = Release;
		};
		6055BD4B295D327200EC4791 /* Debug */ = {
			isa = XCBuildConfiguration;
			buildSettings = {
				ASSETCATALOG_COMPILER_APPICON_NAME = AppIcon;
				ASSETCATALOG_COMPILER_GLOBAL_ACCENT_COLOR_NAME = AccentColor;
				CODE_SIGN_STYLE = Automatic;
				CURRENT_PROJECT_VERSION = 1;
				DEVELOPMENT_TEAM = PK26VJ57ZY;
				GENERATE_INFOPLIST_FILE = YES;
				INFOPLIST_FILE = habit/Info.plist;
				INFOPLIST_KEY_UIApplicationSupportsIndirectInputEvents = YES;
				INFOPLIST_KEY_UILaunchStoryboardName = LaunchScreen;
				INFOPLIST_KEY_UIMainStoryboardFile = Main;
				INFOPLIST_KEY_UISupportedInterfaceOrientations_iPad = "UIInterfaceOrientationPortrait UIInterfaceOrientationPortraitUpsideDown UIInterfaceOrientationLandscapeLeft UIInterfaceOrientationLandscapeRight";
				INFOPLIST_KEY_UISupportedInterfaceOrientations_iPhone = "UIInterfaceOrientationPortrait UIInterfaceOrientationLandscapeLeft UIInterfaceOrientationLandscapeRight";
				IPHONEOS_DEPLOYMENT_TARGET = 14.0;
				LD_RUNPATH_SEARCH_PATHS = (
					"$(inherited)",
					"@executable_path/Frameworks",
				);
				MARKETING_VERSION = 1.0;
				PRODUCT_BUNDLE_IDENTIFIER = com.donggu.habit;
				PRODUCT_NAME = "$(TARGET_NAME)";
				SUPPORTED_PLATFORMS = "iphoneos iphonesimulator";
				SUPPORTS_MACCATALYST = NO;
				SUPPORTS_MAC_DESIGNED_FOR_IPHONE_IPAD = NO;
				SWIFT_EMIT_LOC_STRINGS = YES;
				SWIFT_VERSION = 5.0;
				TARGETED_DEVICE_FAMILY = 1;
			};
			name = Debug;
		};
		6055BD4C295D327200EC4791 /* Release */ = {
			isa = XCBuildConfiguration;
			buildSettings = {
				ASSETCATALOG_COMPILER_APPICON_NAME = AppIcon;
				ASSETCATALOG_COMPILER_GLOBAL_ACCENT_COLOR_NAME = AccentColor;
				CODE_SIGN_STYLE = Automatic;
				CURRENT_PROJECT_VERSION = 1;
				DEVELOPMENT_TEAM = PK26VJ57ZY;
				GENERATE_INFOPLIST_FILE = YES;
				INFOPLIST_FILE = habit/Info.plist;
				INFOPLIST_KEY_UIApplicationSupportsIndirectInputEvents = YES;
				INFOPLIST_KEY_UILaunchStoryboardName = LaunchScreen;
				INFOPLIST_KEY_UIMainStoryboardFile = Main;
				INFOPLIST_KEY_UISupportedInterfaceOrientations_iPad = "UIInterfaceOrientationPortrait UIInterfaceOrientationPortraitUpsideDown UIInterfaceOrientationLandscapeLeft UIInterfaceOrientationLandscapeRight";
				INFOPLIST_KEY_UISupportedInterfaceOrientations_iPhone = "UIInterfaceOrientationPortrait UIInterfaceOrientationLandscapeLeft UIInterfaceOrientationLandscapeRight";
				IPHONEOS_DEPLOYMENT_TARGET = 14.0;
				LD_RUNPATH_SEARCH_PATHS = (
					"$(inherited)",
					"@executable_path/Frameworks",
				);
				MARKETING_VERSION = 1.0;
				PRODUCT_BUNDLE_IDENTIFIER = com.donggu.habit;
				PRODUCT_NAME = "$(TARGET_NAME)";
				SUPPORTED_PLATFORMS = "iphoneos iphonesimulator";
				SUPPORTS_MACCATALYST = NO;
				SUPPORTS_MAC_DESIGNED_FOR_IPHONE_IPAD = NO;
				SWIFT_EMIT_LOC_STRINGS = YES;
				SWIFT_VERSION = 5.0;
				TARGETED_DEVICE_FAMILY = 1;
			};
			name = Release;
		};
/* End XCBuildConfiguration section */

/* Begin XCConfigurationList section */
		6055BD2E295D327000EC4791 /* Build configuration list for PBXProject "habit" */ = {
			isa = XCConfigurationList;
			buildConfigurations = (
				6055BD48295D327200EC4791 /* Debug */,
				6055BD49295D327200EC4791 /* Release */,
			);
			defaultConfigurationIsVisible = 0;
			defaultConfigurationName = Release;
		};
		6055BD4A295D327200EC4791 /* Build configuration list for PBXNativeTarget "habit" */ = {
			isa = XCConfigurationList;
			buildConfigurations = (
				6055BD4B295D327200EC4791 /* Debug */,
				6055BD4C295D327200EC4791 /* Release */,
			);
			defaultConfigurationIsVisible = 0;
			defaultConfigurationName = Release;
		};
/* End XCConfigurationList section */

/* Begin XCVersionGroup section */
		6055BD3F295D327000EC4791 /* habit.xcdatamodeld */ = {
			isa = XCVersionGroup;
			children = (
				6055BD40295D327000EC4791 /* habit.xcdatamodel */,
			);
			currentVersion = 6055BD40295D327000EC4791 /* habit.xcdatamodel */;
			path = habit.xcdatamodeld;
			sourceTree = "<group>";
			versionGroupType = wrapper.xcdatamodel;
		};
/* End XCVersionGroup section */
	};
	rootObject = 6055BD2B295D327000EC4791 /* Project object */;
}
